// !$*UTF8*$!
{
	archiveVersion = 1;
	classes = {
	};
	objectVersion = 56;
	objects = {

/* Begin PBXBuildFile section */
		A2BD33972B1BED8F001C293F /* KisilerHucre.swift in Sources */ = {isa = PBXBuildFile; fileRef = A2BD33962B1BED8F001C293F /* KisilerHucre.swift */; };
		A2D87A352B14A1FA00339B36 /* AppDelegate.swift in Sources */ = {isa = PBXBuildFile; fileRef = A2D87A342B14A1FA00339B36 /* AppDelegate.swift */; };
		A2D87A372B14A1FA00339B36 /* SceneDelegate.swift in Sources */ = {isa = PBXBuildFile; fileRef = A2D87A362B14A1FA00339B36 /* SceneDelegate.swift */; };
		A2D87A392B14A1FA00339B36 /* MainPage.swift in Sources */ = {isa = PBXBuildFile; fileRef = A2D87A382B14A1FA00339B36 /* MainPage.swift */; };
		A2D87A3C2B14A1FA00339B36 /* Main.storyboard in Resources */ = {isa = PBXBuildFile; fileRef = A2D87A3A2B14A1FA00339B36 /* Main.storyboard */; };
		A2D87A3E2B14A1FB00339B36 /* Assets.xcassets in Resources */ = {isa = PBXBuildFile; fileRef = A2D87A3D2B14A1FB00339B36 /* Assets.xcassets */; };
		A2D87A412B14A1FB00339B36 /* LaunchScreen.storyboard in Resources */ = {isa = PBXBuildFile; fileRef = A2D87A3F2B14A1FB00339B36 /* LaunchScreen.storyboard */; };
		A2D87A4D2B14A2B900339B36 /* ContactRegister.swift in Sources */ = {isa = PBXBuildFile; fileRef = A2D87A4C2B14A2B900339B36 /* ContactRegister.swift */; };
		A2D87A4F2B14A2E600339B36 /* ContactDetail.swift in Sources */ = {isa = PBXBuildFile; fileRef = A2D87A4E2B14A2E600339B36 /* ContactDetail.swift */; };
		A2D87A512B14A36D00339B36 /* contact.swift in Sources */ = {isa = PBXBuildFile; fileRef = A2D87A502B14A36D00339B36 /* contact.swift */; };
/* End PBXBuildFile section */

/* Begin PBXFileReference section */
		A2BD33962B1BED8F001C293F /* KisilerHucre.swift */ = {isa = PBXFileReference; lastKnownFileType = sourcecode.swift; path = KisilerHucre.swift; sourceTree = "<group>"; };
		A2D87A312B14A1FA00339B36 /* ContactApps.app */ = {isa = PBXFileReference; explicitFileType = wrapper.application; includeInIndex = 0; path = ContactApps.app; sourceTree = BUILT_PRODUCTS_DIR; };
		A2D87A342B14A1FA00339B36 /* AppDelegate.swift */ = {isa = PBXFileReference; lastKnownFileType = sourcecode.swift; path = AppDelegate.swift; sourceTree = "<group>"; };
		A2D87A362B14A1FA00339B36 /* SceneDelegate.swift */ = {isa = PBXFileReference; lastKnownFileType = sourcecode.swift; path = SceneDelegate.swift; sourceTree = "<group>"; };
		A2D87A382B14A1FA00339B36 /* MainPage.swift */ = {isa = PBXFileReference; lastKnownFileType = sourcecode.swift; path = MainPage.swift; sourceTree = "<group>"; };
		A2D87A3B2B14A1FA00339B36 /* Base */ = {isa = PBXFileReference; lastKnownFileType = file.storyboard; name = Base; path = Base.lproj/Main.storyboard; sourceTree = "<group>"; };
		A2D87A3D2B14A1FB00339B36 /* Assets.xcassets */ = {isa = PBXFileReference; lastKnownFileType = folder.assetcatalog; path = Assets.xcassets; sourceTree = "<group>"; };
		A2D87A402B14A1FB00339B36 /* Base */ = {isa = PBXFileReference; lastKnownFileType = file.storyboard; name = Base; path = Base.lproj/LaunchScreen.storyboard; sourceTree = "<group>"; };
		A2D87A422B14A1FB00339B36 /* Info.plist */ = {isa = PBXFileReference; lastKnownFileType = text.plist.xml; path = Info.plist; sourceTree = "<group>"; };
		A2D87A4C2B14A2B900339B36 /* ContactRegister.swift */ = {isa = PBXFileReference; lastKnownFileType = sourcecode.swift; path = ContactRegister.swift; sourceTree = "<group>"; };
		A2D87A4E2B14A2E600339B36 /* ContactDetail.swift */ = {isa = PBXFileReference; lastKnownFileType = sourcecode.swift; path = ContactDetail.swift; sourceTree = "<group>"; };
		A2D87A502B14A36D00339B36 /* contact.swift */ = {isa = PBXFileReference; lastKnownFileType = sourcecode.swift; path = contact.swift; sourceTree = "<group>"; };
/* End PBXFileReference section */

/* Begin PBXFrameworksBuildPhase section */
		A2D87A2E2B14A1FA00339B36 /* Frameworks */ = {
			isa = PBXFrameworksBuildPhase;
			buildActionMask = 2147483647;
			files = (
			);
			runOnlyForDeploymentPostprocessing = 0;
		};
/* End PBXFrameworksBuildPhase section */

/* Begin PBXGroup section */
		A2BD33932B1BED09001C293F /* tableview */ = {
			isa = PBXGroup;
			children = (
				A2BD33962B1BED8F001C293F /* KisilerHucre.swift */,
			);
			path = tableview;
			sourceTree = "<group>";
		};
		A2D87A282B14A1FA00339B36 = {
			isa = PBXGroup;
			children = (
				A2D87A332B14A1FA00339B36 /* ContactApps */,
				A2D87A322B14A1FA00339B36 /* Products */,
			);
			sourceTree = "<group>";
		};
		A2D87A322B14A1FA00339B36 /* Products */ = {
			isa = PBXGroup;
			children = (
				A2D87A312B14A1FA00339B36 /* ContactApps.app */,
			);
			name = Products;
			sourceTree = "<group>";
		};
		A2D87A332B14A1FA00339B36 /* ContactApps */ = {
			isa = PBXGroup;
			children = (
				A2D87A342B14A1FA00339B36 /* AppDelegate.swift */,
				A2D87A362B14A1FA00339B36 /* SceneDelegate.swift */,
				A2D87A492B14A25100339B36 /* UI */,
				A2D87A482B14A24400339B36 /* data */,
				A2D87A3A2B14A1FA00339B36 /* Main.storyboard */,
				A2D87A3D2B14A1FB00339B36 /* Assets.xcassets */,
				A2D87A3F2B14A1FB00339B36 /* LaunchScreen.storyboard */,
				A2D87A422B14A1FB00339B36 /* Info.plist */,
			);
			path = ContactApps;
			sourceTree = "<group>";
		};
		A2D87A482B14A24400339B36 /* data */ = {
			isa = PBXGroup;
			children = (
				A2D87A4A2B14A27200339B36 /* entity */,
			);
			path = data;
			sourceTree = "<group>";
		};
		A2D87A492B14A25100339B36 /* UI */ = {
			isa = PBXGroup;
			children = (
				A2BD33932B1BED09001C293F /* tableview */,
				A2D87A4B2B14A27F00339B36 /* views */,
			);
			path = UI;
			sourceTree = "<group>";
		};
		A2D87A4A2B14A27200339B36 /* entity */ = {
			isa = PBXGroup;
			children = (
				A2D87A502B14A36D00339B36 /* contact.swift */,
			);
			path = entity;
			sourceTree = "<group>";
		};
		A2D87A4B2B14A27F00339B36 /* views */ = {
			isa = PBXGroup;
			children = (
				A2D87A382B14A1FA00339B36 /* MainPage.swift */,
				A2D87A4C2B14A2B900339B36 /* ContactRegister.swift */,
				A2D87A4E2B14A2E600339B36 /* ContactDetail.swift */,
			);
			path = views;
			sourceTree = "<group>";
		};
/* End PBXGroup section */

/* Begin PBXNativeTarget section */
		A2D87A302B14A1FA00339B36 /* ContactApps */ = {
			isa = PBXNativeTarget;
			buildConfigurationList = A2D87A452B14A1FB00339B36 /* Build configuration list for PBXNativeTarget "ContactApps" */;
			buildPhases = (
				A2D87A2D2B14A1FA00339B36 /* Sources */,
				A2D87A2E2B14A1FA00339B36 /* Frameworks */,
				A2D87A2F2B14A1FA00339B36 /* Resources */,
			);
			buildRules = (
			);
			dependencies = (
			);
			name = ContactApps;
			productName = ContactApps;
			productReference = A2D87A312B14A1FA00339B36 /* ContactApps.app */;
			productType = "com.apple.product-type.application";
		};
/* End PBXNativeTarget section */

/* Begin PBXProject section */
		A2D87A292B14A1FA00339B36 /* Project object */ = {
			isa = PBXProject;
			attributes = {
				BuildIndependentTargetsInParallel = 1;
				LastSwiftUpdateCheck = 1500;
				LastUpgradeCheck = 1500;
				TargetAttributes = {
					A2D87A302B14A1FA00339B36 = {
						CreatedOnToolsVersion = 15.0;
					};
				};
			};
			buildConfigurationList = A2D87A2C2B14A1FA00339B36 /* Build configuration list for PBXProject "ContactApps" */;
			compatibilityVersion = "Xcode 14.0";
			developmentRegion = en;
			hasScannedForEncodings = 0;
			knownRegions = (
				en,
				Base,
			);
			mainGroup = A2D87A282B14A1FA00339B36;
			productRefGroup = A2D87A322B14A1FA00339B36 /* Products */;
			projectDirPath = "";
			projectRoot = "";
			targets = (
				A2D87A302B14A1FA00339B36 /* ContactApps */,
			);
		};
/* End PBXProject section */

/* Begin PBXResourcesBuildPhase section */
		A2D87A2F2B14A1FA00339B36 /* Resources */ = {
			isa = PBXResourcesBuildPhase;
			buildActionMask = 2147483647;
			files = (
				A2D87A412B14A1FB00339B36 /* LaunchScreen.storyboard in Resources */,
				A2D87A3E2B14A1FB00339B36 /* Assets.xcassets in Resources */,
				A2D87A3C2B14A1FA00339B36 /* Main.storyboard in Resources */,
			);
			runOnlyForDeploymentPostprocessing = 0;
		};
/* End PBXResourcesBuildPhase section */

/* Begin PBXSourcesBuildPhase section */
		A2D87A2D2B14A1FA00339B36 /* Sources */ = {
			isa = PBXSourcesBuildPhase;
			buildActionMask = 2147483647;
			files = (
				A2D87A392B14A1FA00339B36 /* MainPage.swift in Sources */,
				A2BD33972B1BED8F001C293F /* KisilerHucre.swift in Sources */,
				A2D87A4D2B14A2B900339B36 /* ContactRegister.swift in Sources */,
				A2D87A352B14A1FA00339B36 /* AppDelegate.swift in Sources */,
				A2D87A372B14A1FA00339B36 /* SceneDelegate.swift in Sources */,
				A2D87A512B14A36D00339B36 /* contact.swift in Sources */,
				A2D87A4F2B14A2E600339B36 /* ContactDetail.swift in Sources */,
			);
			runOnlyForDeploymentPostprocessing = 0;
		};
/* End PBXSourcesBuildPhase section */

/* Begin PBXVariantGroup section */
		A2D87A3A2B14A1FA00339B36 /* Main.storyboard */ = {
			isa = PBXVariantGroup;
			children = (
				A2D87A3B2B14A1FA00339B36 /* Base */,
			);
			name = Main.storyboard;
			sourceTree = "<group>";
		};
		A2D87A3F2B14A1FB00339B36 /* LaunchScreen.storyboard */ = {
			isa = PBXVariantGroup;
			children = (
				A2D87A402B14A1FB00339B36 /* Base */,
			);
			name = LaunchScreen.storyboard;
			sourceTree = "<group>";
		};
/* End PBXVariantGroup section */

/* Begin XCBuildConfiguration section */
		A2D87A432B14A1FB00339B36 /* Debug */ = {
			isa = XCBuildConfiguration;
			buildSettings = {
				ALWAYS_SEARCH_USER_PATHS = NO;
				ASSETCATALOG_COMPILER_GENERATE_SWIFT_ASSET_SYMBOL_EXTENSIONS = YES;
				CLANG_ANALYZER_NONNULL = YES;
				CLANG_ANALYZER_NUMBER_OBJECT_CONVERSION = YES_AGGRESSIVE;
				CLANG_CXX_LANGUAGE_STANDARD = "gnu++20";
				CLANG_ENABLE_MODULES = YES;
				CLANG_ENABLE_OBJC_ARC = YES;
				CLANG_ENABLE_OBJC_WEAK = YES;
				CLANG_WARN_BLOCK_CAPTURE_AUTORELEASING = YES;
				CLANG_WARN_BOOL_CONVERSION = YES;
				CLANG_WARN_COMMA = YES;
				CLANG_WARN_CONSTANT_CONVERSION = YES;
				CLANG_WARN_DEPRECATED_OBJC_IMPLEMENTATIONS = YES;
				CLANG_WARN_DIRECT_OBJC_ISA_USAGE = YES_ERROR;
				CLANG_WARN_DOCUMENTATION_COMMENTS = YES;
				CLANG_WARN_EMPTY_BODY = YES;
				CLANG_WARN_ENUM_CONVERSION = YES;
				CLANG_WARN_INFINITE_RECURSION = YES;
				CLANG_WARN_INT_CONVERSION = YES;
				CLANG_WARN_NON_LITERAL_NULL_CONVERSION = YES;
				CLANG_WARN_OBJC_IMPLICIT_RETAIN_SELF = YES;
				CLANG_WARN_OBJC_LITERAL_CONVERSION = YES;
				CLANG_WARN_OBJC_ROOT_CLASS = YES_ERROR;
				CLANG_WARN_QUOTED_INCLUDE_IN_FRAMEWORK_HEADER = YES;
				CLANG_WARN_RANGE_LOOP_ANALYSIS = YES;
				CLANG_WARN_STRICT_PROTOTYPES = YES;
				CLANG_WARN_SUSPICIOUS_MOVE = YES;
				CLANG_WARN_UNGUARDED_AVAILABILITY = YES_AGGRESSIVE;
				CLANG_WARN_UNREACHABLE_CODE = YES;
				CLANG_WARN__DUPLICATE_METHOD_MATCH = YES;
				COPY_PHASE_STRIP = NO;
				DEBUG_INFORMATION_FORMAT = dwarf;
				ENABLE_STRICT_OBJC_MSGSEND = YES;
				ENABLE_TESTABILITY = YES;
				ENABLE_USER_SCRIPT_SANDBOXING = YES;
				GCC_C_LANGUAGE_STANDARD = gnu17;
				GCC_DYNAMIC_NO_PIC = NO;
				GCC_NO_COMMON_BLOCKS = YES;
				GCC_OPTIMIZATION_LEVEL = 0;
				GCC_PREPROCESSOR_DEFINITIONS = (
					"DEBUG=1",
					"$(inherited)",
				);
				GCC_WARN_64_TO_32_BIT_CONVERSION = YES;
				GCC_WARN_ABOUT_RETURN_TYPE = YES_ERROR;
				GCC_WARN_UNDECLARED_SELECTOR = YES;
				GCC_WARN_UNINITIALIZED_AUTOS = YES_AGGRESSIVE;
				GCC_WARN_UNUSED_FUNCTION = YES;
				GCC_WARN_UNUSED_VARIABLE = YES;
				IPHONEOS_DEPLOYMENT_TARGET = 17.0;
				LOCALIZATION_PREFERS_STRING_CATALOGS = YES;
				MTL_ENABLE_DEBUG_INFO = INCLUDE_SOURCE;
				MTL_FAST_MATH = YES;
				ONLY_ACTIVE_ARCH = YES;
				SDKROOT = iphoneos;
				SWIFT_ACTIVE_COMPILATION_CONDITIONS = "DEBUG $(inherited)";
				SWIFT_OPTIMIZATION_LEVEL = "-Onone";
			};
			name = Debug;
		};
		A2D87A442B14A1FB00339B36 /* Release */ = {
			isa = XCBuildConfiguration;
			buildSettings = {
				ALWAYS_SEARCH_USER_PATHS = NO;
				ASSETCATALOG_COMPILER_GENERATE_SWIFT_ASSET_SYMBOL_EXTENSIONS = YES;
				CLANG_ANALYZER_NONNULL = YES;
				CLANG_ANALYZER_NUMBER_OBJECT_CONVERSION = YES_AGGRESSIVE;
				CLANG_CXX_LANGUAGE_STANDARD = "gnu++20";
				CLANG_ENABLE_MODULES = YES;
				CLANG_ENABLE_OBJC_ARC = YES;
				CLANG_ENABLE_OBJC_WEAK = YES;
				CLANG_WARN_BLOCK_CAPTURE_AUTORELEASING = YES;
				CLANG_WARN_BOOL_CONVERSION = YES;
				CLANG_WARN_COMMA = YES;
				CLANG_WARN_CONSTANT_CONVERSION = YES;
				CLANG_WARN_DEPRECATED_OBJC_IMPLEMENTATIONS = YES;
				CLANG_WARN_DIRECT_OBJC_ISA_USAGE = YES_ERROR;
				CLANG_WARN_DOCUMENTATION_COMMENTS = YES;
				CLANG_WARN_EMPTY_BODY = YES;
				CLANG_WARN_ENUM_CONVERSION = YES;
				CLANG_WARN_INFINITE_RECURSION = YES;
				CLANG_WARN_INT_CONVERSION = YES;
				CLANG_WARN_NON_LITERAL_NULL_CONVERSION = YES;
				CLANG_WARN_OBJC_IMPLICIT_RETAIN_SELF = YES;
				CLANG_WARN_OBJC_LITERAL_CONVERSION = YES;
				CLANG_WARN_OBJC_ROOT_CLASS = YES_ERROR;
				CLANG_WARN_QUOTED_INCLUDE_IN_FRAMEWORK_HEADER = YES;
				CLANG_WARN_RANGE_LOOP_ANALYSIS = YES;
				CLANG_WARN_STRICT_PROTOTYPES = YES;
				CLANG_WARN_SUSPICIOUS_MOVE = YES;
				CLANG_WARN_UNGUARDED_AVAILABILITY = YES_AGGRESSIVE;
				CLANG_WARN_UNREACHABLE_CODE = YES;
				CLANG_WARN__DUPLICATE_METHOD_MATCH = YES;
				COPY_PHASE_STRIP = NO;
				DEBUG_INFORMATION_FORMAT = "dwarf-with-dsym";
				ENABLE_NS_ASSERTIONS = NO;
				ENABLE_STRICT_OBJC_MSGSEND = YES;
				ENABLE_USER_SCRIPT_SANDBOXING = YES;
				GCC_C_LANGUAGE_STANDARD = gnu17;
				GCC_NO_COMMON_BLOCKS = YES;
				GCC_WARN_64_TO_32_BIT_CONVERSION = YES;
				GCC_WARN_ABOUT_RETURN_TYPE = YES_ERROR;
				GCC_WARN_UNDECLARED_SELECTOR = YES;
				GCC_WARN_UNINITIALIZED_AUTOS = YES_AGGRESSIVE;
				GCC_WARN_UNUSED_FUNCTION = YES;
				GCC_WARN_UNUSED_VARIABLE = YES;
				IPHONEOS_DEPLOYMENT_TARGET = 17.0;
				LOCALIZATION_PREFERS_STRING_CATALOGS = YES;
				MTL_ENABLE_DEBUG_INFO = NO;
				MTL_FAST_MATH = YES;
				SDKROOT = iphoneos;
				SWIFT_COMPILATION_MODE = wholemodule;
				VALIDATE_PRODUCT = YES;
			};
			name = Release;
		};
		A2D87A462B14A1FB00339B36 /* Debug */ = {
			isa = XCBuildConfiguration;
			buildSettings = {
				ASSETCATALOG_COMPILER_APPICON_NAME = AppIcon;
				ASSETCATALOG_COMPILER_GLOBAL_ACCENT_COLOR_NAME = AccentColor;
				CODE_SIGN_STYLE = Automatic;
				CURRENT_PROJECT_VERSION = 1;
				GENERATE_INFOPLIST_FILE = YES;
				INFOPLIST_FILE = ContactApps/Info.plist;
				INFOPLIST_KEY_UIApplicationSupportsIndirectInputEvents = YES;
				INFOPLIST_KEY_UILaunchStoryboardName = LaunchScreen;
				INFOPLIST_KEY_UIMainStoryboardFile = Main;
				INFOPLIST_KEY_UISupportedInterfaceOrientations_iPad = "UIInterfaceOrientationPortrait UIInterfaceOrientationPortraitUpsideDown UIInterfaceOrientationLandscapeLeft UIInterfaceOrientationLandscapeRight";
				INFOPLIST_KEY_UISupportedInterfaceOrientations_iPhone = "UIInterfaceOrientationPortrait UIInterfaceOrientationLandscapeLeft UIInterfaceOrientationLandscapeRight";
				LD_RUNPATH_SEARCH_PATHS = (
					"$(inherited)",
					"@executable_path/Frameworks",
				);
				MARKETING_VERSION = 1.0;
				PRODUCT_BUNDLE_IDENTIFIER = com.info.ContactApps;
				PRODUCT_NAME = "$(TARGET_NAME)";
				SWIFT_EMIT_LOC_STRINGS = YES;
				SWIFT_VERSION = 5.0;
				TARGETED_DEVICE_FAMILY = "1,2";
			};
			name = Debug;
		};
		A2D87A472B14A1FB00339B36 /* Release */ = {
			isa = XCBuildConfiguration;
			buildSettings = {
				ASSETCATALOG_COMPILER_APPICON_NAME = AppIcon;
				ASSETCATALOG_COMPILER_GLOBAL_ACCENT_COLOR_NAME = AccentColor;
				CODE_SIGN_STYLE = Automatic;
				CURRENT_PROJECT_VERSION = 1;
				GENERATE_INFOPLIST_FILE = YES;
				INFOPLIST_FILE = ContactApps/Info.plist;
				INFOPLIST_KEY_UIApplicationSupportsIndirectInputEvents = YES;
				INFOPLIST_KEY_UILaunchStoryboardName = LaunchScreen;
				INFOPLIST_KEY_UIMainStoryboardFile = Main;
				INFOPLIST_KEY_UISupportedInterfaceOrientations_iPad = "UIInterfaceOrientationPortrait UIInterfaceOrientationPortraitUpsideDown UIInterfaceOrientationLandscapeLeft UIInterfaceOrientationLandscapeRight";
				INFOPLIST_KEY_UISupportedInterfaceOrientations_iPhone = "UIInterfaceOrientationPortrait UIInterfaceOrientationLandscapeLeft UIInterfaceOrientationLandscapeRight";
				LD_RUNPATH_SEARCH_PATHS = (
					"$(inherited)",
					"@executable_path/Frameworks",
				);
				MARKETING_VERSION = 1.0;
				PRODUCT_BUNDLE_IDENTIFIER = com.info.ContactApps;
				PRODUCT_NAME = "$(TARGET_NAME)";
				SWIFT_EMIT_LOC_STRINGS = YES;
				SWIFT_VERSION = 5.0;
				TARGETED_DEVICE_FAMILY = "1,2";
			};
			name = Release;
		};
/* End XCBuildConfiguration section */

/* Begin XCConfigurationList section */
		A2D87A2C2B14A1FA00339B36 /* Build configuration list for PBXProject "ContactApps" */ = {
			isa = XCConfigurationList;
			buildConfigurations = (
				A2D87A432B14A1FB00339B36 /* Debug */,
				A2D87A442B14A1FB00339B36 /* Release */,
			);
			defaultConfigurationIsVisible = 0;
			defaultConfigurationName = Release;
		};
		A2D87A452B14A1FB00339B36 /* Build configuration list for PBXNativeTarget "ContactApps" */ = {
			isa = XCConfigurationList;
			buildConfigurations = (
				A2D87A462B14A1FB00339B36 /* Debug */,
				A2D87A472B14A1FB00339B36 /* Release */,
			);
			defaultConfigurationIsVisible = 0;
			defaultConfigurationName = Release;
		};
/* End XCConfigurationList section */
	};
	rootObject = A2D87A292B14A1FA00339B36 /* Project object */;
}
